// !$*UTF8*$!
{
	archiveVersion = 1;
	classes = {
	};
	objectVersion = 46;
	objects = {

/* Begin PBXBuildFile section */
		C76D5D161A9FE6E00004F5E5 /* AppDelegate.swift in Sources */ = {isa = PBXBuildFile; fileRef = C76D5D151A9FE6E00004F5E5 /* AppDelegate.swift */; };
		C76D5D181A9FE6E00004F5E5 /* ViewController.swift in Sources */ = {isa = PBXBuildFile; fileRef = C76D5D171A9FE6E00004F5E5 /* ViewController.swift */; };
		C76D5D1B1A9FE6E00004F5E5 /* Main.storyboard in Resources */ = {isa = PBXBuildFile; fileRef = C76D5D191A9FE6E00004F5E5 /* Main.storyboard */; };
		C76D5D1D1A9FE6E00004F5E5 /* Images.xcassets in Resources */ = {isa = PBXBuildFile; fileRef = C76D5D1C1A9FE6E00004F5E5 /* Images.xcassets */; };
		C76D5D201A9FE6E00004F5E5 /* LaunchScreen.xib in Resources */ = {isa = PBXBuildFile; fileRef = C76D5D1E1A9FE6E00004F5E5 /* LaunchScreen.xib */; };
		C76D5D2C1A9FE6E10004F5E5 /* newConfirmationTests.swift in Sources */ = {isa = PBXBuildFile; fileRef = C76D5D2B1A9FE6E10004F5E5 /* newConfirmationTests.swift */; };
/* End PBXBuildFile section */

/* Begin PBXContainerItemProxy section */
		C76D5D261A9FE6E10004F5E5 /* PBXContainerItemProxy */ = {
			isa = PBXContainerItemProxy;
			containerPortal = C76D5D081A9FE6E00004F5E5 /* Project object */;
			proxyType = 1;
			remoteGlobalIDString = C76D5D0F1A9FE6E00004F5E5;
			remoteInfo = newConfirmation;
		};
/* End PBXContainerItemProxy section */

/* Begin PBXFileReference section */
		C76D5D101A9FE6E00004F5E5 /* newConfirmation.app */ = {isa = PBXFileReference; explicitFileType = wrapper.application; includeInIndex = 0; path = newConfirmation.app; sourceTree = BUILT_PRODUCTS_DIR; };
		C76D5D141A9FE6E00004F5E5 /* Info.plist */ = {isa = PBXFileReference; lastKnownFileType = text.plist.xml; path = Info.plist; sourceTree = "<group>"; };
		C76D5D151A9FE6E00004F5E5 /* AppDelegate.swift */ = {isa = PBXFileReference; lastKnownFileType = sourcecode.swift; path = AppDelegate.swift; sourceTree = "<group>"; };
		C76D5D171A9FE6E00004F5E5 /* ViewController.swift */ = {isa = PBXFileReference; lastKnownFileType = sourcecode.swift; path = ViewController.swift; sourceTree = "<group>"; };
		C76D5D1A1A9FE6E00004F5E5 /* Base */ = {isa = PBXFileReference; lastKnownFileType = file.storyboard; name = Base; path = Base.lproj/Main.storyboard; sourceTree = "<group>"; };
		C76D5D1C1A9FE6E00004F5E5 /* Images.xcassets */ = {isa = PBXFileReference; lastKnownFileType = folder.assetcatalog; path = Images.xcassets; sourceTree = "<group>"; };
		C76D5D1F1A9FE6E00004F5E5 /* Base */ = {isa = PBXFileReference; lastKnownFileType = file.xib; name = Base; path = Base.lproj/LaunchScreen.xib; sourceTree = "<group>"; };
		C76D5D251A9FE6E10004F5E5 /* newConfirmationTests.xctest */ = {isa = PBXFileReference; explicitFileType = wrapper.cfbundle; includeInIndex = 0; path = newConfirmationTests.xctest; sourceTree = BUILT_PRODUCTS_DIR; };
		C76D5D2A1A9FE6E10004F5E5 /* Info.plist */ = {isa = PBXFileReference; lastKnownFileType = text.plist.xml; path = Info.plist; sourceTree = "<group>"; };
		C76D5D2B1A9FE6E10004F5E5 /* newConfirmationTests.swift */ = {isa = PBXFileReference; lastKnownFileType = sourcecode.swift; path = newConfirmationTests.swift; sourceTree = "<group>"; };
/* End PBXFileReference section */

/* Begin PBXFrameworksBuildPhase section */
		C76D5D0D1A9FE6E00004F5E5 /* Frameworks */ = {
			isa = PBXFrameworksBuildPhase;
			buildActionMask = 2147483647;
			files = (
			);
			runOnlyForDeploymentPostprocessing = 0;
		};
		C76D5D221A9FE6E10004F5E5 /* Frameworks */ = {
			isa = PBXFrameworksBuildPhase;
			buildActionMask = 2147483647;
			files = (
			);
			runOnlyForDeploymentPostprocessing = 0;
		};
/* End PBXFrameworksBuildPhase section */

/* Begin PBXGroup section */
		C76D5D071A9FE6E00004F5E5 = {
			isa = PBXGroup;
			children = (
				C76D5D121A9FE6E00004F5E5 /* newConfirmation */,
				C76D5D281A9FE6E10004F5E5 /* newConfirmationTests */,
				C76D5D111A9FE6E00004F5E5 /* Products */,
			);
			sourceTree = "<group>";
		};
		C76D5D111A9FE6E00004F5E5 /* Products */ = {
			isa = PBXGroup;
			children = (
				C76D5D101A9FE6E00004F5E5 /* newConfirmation.app */,
				C76D5D251A9FE6E10004F5E5 /* newConfirmationTests.xctest */,
			);
			name = Products;
			sourceTree = "<group>";
		};
		C76D5D121A9FE6E00004F5E5 /* newConfirmation */ = {
			isa = PBXGroup;
			children = (
				C76D5D151A9FE6E00004F5E5 /* AppDelegate.swift */,
				C76D5D171A9FE6E00004F5E5 /* ViewController.swift */,
				C76D5D191A9FE6E00004F5E5 /* Main.storyboard */,
				C76D5D1C1A9FE6E00004F5E5 /* Images.xcassets */,
				C76D5D1E1A9FE6E00004F5E5 /* LaunchScreen.xib */,
				C76D5D131A9FE6E00004F5E5 /* Supporting Files */,
			);
			path = newConfirmation;
			sourceTree = "<group>";
		};
		C76D5D131A9FE6E00004F5E5 /* Supporting Files */ = {
			isa = PBXGroup;
			children = (
				C76D5D141A9FE6E00004F5E5 /* Info.plist */,
			);
			name = "Supporting Files";
			sourceTree = "<group>";
		};
		C76D5D281A9FE6E10004F5E5 /* newConfirmationTests */ = {
			isa = PBXGroup;
			children = (
				C76D5D2B1A9FE6E10004F5E5 /* newConfirmationTests.swift */,
				C76D5D291A9FE6E10004F5E5 /* Supporting Files */,
			);
			path = newConfirmationTests;
			sourceTree = "<group>";
		};
		C76D5D291A9FE6E10004F5E5 /* Supporting Files */ = {
			isa = PBXGroup;
			children = (
				C76D5D2A1A9FE6E10004F5E5 /* Info.plist */,
			);
			name = "Supporting Files";
			sourceTree = "<group>";
		};
/* End PBXGroup section */

/* Begin PBXNativeTarget section */
		C76D5D0F1A9FE6E00004F5E5 /* newConfirmation */ = {
			isa = PBXNativeTarget;
			buildConfigurationList = C76D5D2F1A9FE6E10004F5E5 /* Build configuration list for PBXNativeTarget "newConfirmation" */;
			buildPhases = (
				C76D5D0C1A9FE6E00004F5E5 /* Sources */,
				C76D5D0D1A9FE6E00004F5E5 /* Frameworks */,
				C76D5D0E1A9FE6E00004F5E5 /* Resources */,
			);
			buildRules = (
			);
			dependencies = (
			);
			name = newConfirmation;
			productName = newConfirmation;
			productReference = C76D5D101A9FE6E00004F5E5 /* newConfirmation.app */;
			productType = "com.apple.product-type.application";
		};
		C76D5D241A9FE6E10004F5E5 /* newConfirmationTests */ = {
			isa = PBXNativeTarget;
			buildConfigurationList = C76D5D321A9FE6E10004F5E5 /* Build configuration list for PBXNativeTarget "newConfirmationTests" */;
			buildPhases = (
				C76D5D211A9FE6E10004F5E5 /* Sources */,
				C76D5D221A9FE6E10004F5E5 /* Frameworks */,
				C76D5D231A9FE6E10004F5E5 /* Resources */,
			);
			buildRules = (
			);
			dependencies = (
				C76D5D271A9FE6E10004F5E5 /* PBXTargetDependency */,
			);
			name = newConfirmationTests;
			productName = newConfirmationTests;
			productReference = C76D5D251A9FE6E10004F5E5 /* newConfirmationTests.xctest */;
			productType = "com.apple.product-type.bundle.unit-test";
		};
/* End PBXNativeTarget section */

/* Begin PBXProject section */
		C76D5D081A9FE6E00004F5E5 /* Project object */ = {
			isa = PBXProject;
			attributes = {
				LastUpgradeCheck = 0630;
				ORGANIZATIONNAME = Saul;
				TargetAttributes = {
					C76D5D0F1A9FE6E00004F5E5 = {
						CreatedOnToolsVersion = 6.3;
					};
					C76D5D241A9FE6E10004F5E5 = {
						CreatedOnToolsVersion = 6.3;
						TestTargetID = C76D5D0F1A9FE6E00004F5E5;
					};
				};
			};
			buildConfigurationList = C76D5D0B1A9FE6E00004F5E5 /* Build configuration list for PBXProject "newConfirmation" */;
			compatibilityVersion = "Xcode 3.2";
			developmentRegion = English;
			hasScannedForEncodings = 0;
			knownRegions = (
				en,
				Base,
			);
			mainGroup = C76D5D071A9FE6E00004F5E5;
			productRefGroup = C76D5D111A9FE6E00004F5E5 /* Products */;
			projectDirPath = "";
			projectRoot = "";
			targets = (
				C76D5D0F1A9FE6E00004F5E5 /* newConfirmation */,
				C76D5D241A9FE6E10004F5E5 /* newConfirmationTests */,
			);
		};
/* End PBXProject section */

/* Begin PBXResourcesBuildPhase section */
		C76D5D0E1A9FE6E00004F5E5 /* Resources */ = {
			isa = PBXResourcesBuildPhase;
			buildActionMask = 2147483647;
			files = (
				C76D5D1B1A9FE6E00004F5E5 /* Main.storyboard in Resources */,
				C76D5D201A9FE6E00004F5E5 /* LaunchScreen.xib in Resources */,
				C76D5D1D1A9FE6E00004F5E5 /* Images.xcassets in Resources */,
			);
			runOnlyForDeploymentPostprocessing = 0;
		};
		C76D5D231A9FE6E10004F5E5 /* Resources */ = {
			isa = PBXResourcesBuildPhase;
			buildActionMask = 2147483647;
			files = (
			);
			runOnlyForDeploymentPostprocessing = 0;
		};
/* End PBXResourcesBuildPhase section */

/* Begin PBXSourcesBuildPhase section */
		C76D5D0C1A9FE6E00004F5E5 /* Sources */ = {
			isa = PBXSourcesBuildPhase;
			buildActionMask = 2147483647;
			files = (
				C76D5D181A9FE6E00004F5E5 /* ViewController.swift in Sources */,
				C76D5D161A9FE6E00004F5E5 /* AppDelegate.swift in Sources */,
			);
			runOnlyForDeploymentPostprocessing = 0;
		};
		C76D5D211A9FE6E10004F5E5 /* Sources */ = {
			isa = PBXSourcesBuildPhase;
			buildActionMask = 2147483647;
			files = (
				C76D5D2C1A9FE6E10004F5E5 /* newConfirmationTests.swift in Sources */,
			);
			runOnlyForDeploymentPostprocessing = 0;
		};
/* End PBXSourcesBuildPhase section */

/* Begin PBXTargetDependency section */
		C76D5D271A9FE6E10004F5E5 /* PBXTargetDependency */ = {
			isa = PBXTargetDependency;
			target = C76D5D0F1A9FE6E00004F5E5 /* newConfirmation */;
			targetProxy = C76D5D261A9FE6E10004F5E5 /* PBXContainerItemProxy */;
		};
/* End PBXTargetDependency section */

/* Begin PBXVariantGroup section */
		C76D5D191A9FE6E00004F5E5 /* Main.storyboard */ = {
			isa = PBXVariantGroup;
			children = (
				C76D5D1A1A9FE6E00004F5E5 /* Base */,
			);
			name = Main.storyboard;
			sourceTree = "<group>";
		};
		C76D5D1E1A9FE6E00004F5E5 /* LaunchScreen.xib */ = {
			isa = PBXVariantGroup;
			children = (
				C76D5D1F1A9FE6E00004F5E5 /* Base */,
			);
			name = LaunchScreen.xib;
			sourceTree = "<group>";
		};
/* End PBXVariantGroup section */

/* Begin XCBuildConfiguration section */
		C76D5D2D1A9FE6E10004F5E5 /* Debug */ = {
			isa = XCBuildConfiguration;
			buildSettings = {
				ALWAYS_SEARCH_USER_PATHS = NO;
				CLANG_CXX_LANGUAGE_STANDARD = "gnu++0x";
				CLANG_CXX_LIBRARY = "libc++";
				CLANG_ENABLE_MODULES = YES;
				CLANG_ENABLE_OBJC_ARC = YES;
				CLANG_WARN_BOOL_CONVERSION = YES;
				CLANG_WARN_CONSTANT_CONVERSION = YES;
				CLANG_WARN_DIRECT_OBJC_ISA_USAGE = YES_ERROR;
				CLANG_WARN_EMPTY_BODY = YES;
				CLANG_WARN_ENUM_CONVERSION = YES;
				CLANG_WARN_INT_CONVERSION = YES;
				CLANG_WARN_OBJC_ROOT_CLASS = YES_ERROR;
				CLANG_WARN_UNREACHABLE_CODE = YES;
				CLANG_WARN__DUPLICATE_METHOD_MATCH = YES;
				"CODE_SIGN_IDENTITY[sdk=iphoneos*]" = "iPhone Developer";
				COPY_PHASE_STRIP = NO;
				DEBUG_INFORMATION_FORMAT = dwarf;
				ENABLE_STRICT_OBJC_MSGSEND = YES;
				GCC_C_LANGUAGE_STANDARD = gnu99;
				GCC_DYNAMIC_NO_PIC = NO;
				GCC_NO_COMMON_BLOCKS = YES;
				GCC_OPTIMIZATION_LEVEL = 0;
				GCC_PREPROCESSOR_DEFINITIONS = (
					"DEBUG=1",
					"$(inherited)",
				);
				GCC_SYMBOLS_PRIVATE_EXTERN = NO;
				GCC_WARN_64_TO_32_BIT_CONVERSION = YES;
				GCC_WARN_ABOUT_RETURN_TYPE = YES_ERROR;
				GCC_WARN_UNDECLARED_SELECTOR = YES;
				GCC_WARN_UNINITIALIZED_AUTOS = YES_AGGRESSIVE;
				GCC_WARN_UNUSED_FUNCTION = YES;
				GCC_WARN_UNUSED_VARIABLE = YES;
				IPHONEOS_DEPLOYMENT_TARGET = 8.3;
				MTL_ENABLE_DEBUG_INFO = YES;
				ONLY_ACTIVE_ARCH = YES;
				SDKROOT = iphoneos;
				SWIFT_OPTIMIZATION_LEVEL = "-Onone";
			};
			name = Debug;
		};
		C76D5D2E1A9FE6E10004F5E5 /* Release */ = {
			isa = XCBuildConfiguration;
			buildSettings = {
				ALWAYS_SEARCH_USER_PATHS = NO;
				CLANG_CXX_LANGUAGE_STANDARD = "gnu++0x";
				CLANG_CXX_LIBRARY = "libc++";
				CLANG_ENABLE_MODULES = YES;
				CLANG_ENABLE_OBJC_ARC = YES;
				CLANG_WARN_BOOL_CONVERSION = YES;
				CLANG_WARN_CONSTANT_CONVERSION = YES;
				CLANG_WARN_DIRECT_OBJC_ISA_USAGE = YES_ERROR;
				CLANG_WARN_EMPTY_BODY = YES;
				CLANG_WARN_ENUM_CONVERSION = YES;
				CLANG_WARN_INT_CONVERSION = YES;
				CLANG_WARN_OBJC_ROOT_CLASS = YES_ERROR;
				CLANG_WARN_UNREACHABLE_CODE = YES;
				CLANG_WARN__DUPLICATE_METHOD_MATCH = YES;
				"CODE_SIGN_IDENTITY[sdk=iphoneos*]" = "iPhone Developer";
				COPY_PHASE_STRIP = NO;
				DEBUG_INFORMATION_FORMAT = "dwarf-with-dsym";
				ENABLE_NS_ASSERTIONS = NO;
				ENABLE_STRICT_OBJC_MSGSEND = YES;
				GCC_C_LANGUAGE_STANDARD = gnu99;
				GCC_NO_COMMON_BLOCKS = YES;
				GCC_WARN_64_TO_32_BIT_CONVERSION = YES;
				GCC_WARN_ABOUT_RETURN_TYPE = YES_ERROR;
				GCC_WARN_UNDECLARED_SELECTOR = YES;
				GCC_WARN_UNINITIALIZED_AUTOS = YES_AGGRESSIVE;
				GCC_WARN_UNUSED_FUNCTION = YES;
				GCC_WARN_UNUSED_VARIABLE = YES;
				IPHONEOS_DEPLOYMENT_TARGET = 8.3;
				MTL_ENABLE_DEBUG_INFO = NO;
				SDKROOT = iphoneos;
				VALIDATE_PRODUCT = YES;
			};
			name = Release;
		};
		C76D5D301A9FE6E10004F5E5 /* Debug */ = {
			isa = XCBuildConfiguration;
			buildSettings = {
				ASSETCATALOG_COMPILER_APPICON_NAME = AppIcon;
				INFOPLIST_FILE = newConfirmation/Info.plist;
				LD_RUNPATH_SEARCH_PATHS = "$(inherited) @executable_path/Frameworks";
				PRODUCT_NAME = "$(TARGET_NAME)";
			};
			name = Debug;
		};
		C76D5D311A9FE6E10004F5E5 /* Release */ = {
			isa = XCBuildConfiguration;
			buildSettings = {
				ASSETCATALOG_COMPILER_APPICON_NAME = AppIcon;
				INFOPLIST_FILE = newConfirmation/Info.plist;
				LD_RUNPATH_SEARCH_PATHS = "$(inherited) @executable_path/Frameworks";
				PRODUCT_NAME = "$(TARGET_NAME)";
			};
			name = Release;
		};
		C76D5D331A9FE6E10004F5E5 /* Debug */ = {
			isa = XCBuildConfiguration;
			buildSettings = {
				BUNDLE_LOADER = "$(TEST_HOST)";
				FRAMEWORK_SEARCH_PATHS = (
					"$(SDKROOT)/Developer/Library/Frameworks",
					"$(inherited)",
				);
				GCC_PREPROCESSOR_DEFINITIONS = (
					"DEBUG=1",
					"$(inherited)",
				);
				INFOPLIST_FILE = newConfirmationTests/Info.plist;
				LD_RUNPATH_SEARCH_PATHS = "$(inherited) @executable_path/Frameworks @loader_path/Frameworks";
				PRODUCT_NAME = "$(TARGET_NAME)";
				TEST_HOST = "$(BUILT_PRODUCTS_DIR)/newConfirmation.app/newConfirmation";
			};
			name = Debug;
		};
		C76D5D341A9FE6E10004F5E5 /* Release */ = {
			isa = XCBuildConfiguration;
			buildSettings = {
				BUNDLE_LOADER = "$(TEST_HOST)";
				FRAMEWORK_SEARCH_PATHS = (
					"$(SDKROOT)/Developer/Library/Frameworks",
					"$(inherited)",
				);
				INFOPLIST_FILE = newConfirmationTests/Info.plist;
				LD_RUNPATH_SEARCH_PATHS = "$(inherited) @executable_path/Frameworks @loader_path/Frameworks";
				PRODUCT_NAME = "$(TARGET_NAME)";
				TEST_HOST = "$(BUILT_PRODUCTS_DIR)/newConfirmation.app/newConfirmation";
			};
			name = Release;
		};
/* End XCBuildConfiguration section */

/* Begin XCConfigurationList section */
		C76D5D0B1A9FE6E00004F5E5 /* Build configuration list for PBXProject "newConfirmation" */ = {
			isa = XCConfigurationList;
			buildConfigurations = (
				C76D5D2D1A9FE6E10004F5E5 /* Debug */,
				C76D5D2E1A9FE6E10004F5E5 /* Release */,
			);
			defaultConfigurationIsVisible = 0;
			defaultConfigurationName = Release;
		};
		C76D5D2F1A9FE6E10004F5E5 /* Build configuration list for PBXNativeTarget "newConfirmation" */ = {
			isa = XCConfigurationList;
			buildConfigurations = (
				C76D5D301A9FE6E10004F5E5 /* Debug */,
				C76D5D311A9FE6E10004F5E5 /* Release */,
			);
			defaultConfigurationIsVisible = 0;
		};
		C76D5D321A9FE6E10004F5E5 /* Build configuration list for PBXNativeTarget "newConfirmationTests" */ = {
			isa = XCConfigurationList;
			buildConfigurations = (
				C76D5D331A9FE6E10004F5E5 /* Debug */,
				C76D5D341A9FE6E10004F5E5 /* Release */,
			);
			defaultConfigurationIsVisible = 0;
		};
/* End XCConfigurationList section */
	};
	rootObject = C76D5D081A9FE6E00004F5E5 /* Project object */;
}
